{
  "nodes": {
    "nixCats": {
      "locked": {
        "lastModified": 1753170780,
        "narHash": "sha256-rxnjPhOu7kr3REU8AhbKwRYnXHWlRXBqgWOO9MD0HyY=",
        "owner": "BirdeeHub",
        "repo": "nixCats-nvim",
        "rev": "e0c3fd5c218c808ce31e29caa91df43c65d7dfc6",
        "type": "github"
      },
      "original": {
        "owner": "BirdeeHub",
        "repo": "nixCats-nvim",
        "type": "github"
      }
    },
    "nixpkgs": {
      "locked": {
        "lastModified": 1755175540,
        "narHash": "sha256-V0j2S1r25QnbqBLzN2Rg/dKKil789bI3P3id7bDPVc4=",
        "owner": "nixos",
        "repo": "nixpkgs",
        "rev": "a595dde4d0d31606e19dcec73db02279db59d201",
        "type": "github"
      },
      "original": {
        "owner": "nixos",
        "ref": "nixpkgs-unstable",
        "repo": "nixpkgs",
        "type": "github"
      }
    },
    "plugins-cmp-pandoc-references": {
      "flake": false,
      "locked": {
        "lastModified": 1743491695,
        "narHash": "sha256-XsdneGNJzmRBggk8lz9JNDQYk7wbYfUAF2oZLXzFb9c=",
        "owner": "jmbuhr",
        "repo": "cmp-pandoc-references",
        "rev": "130eae4f75029d6495808e0ea4b769fa1ce4c9ac",
        "type": "github"
      },
      "original": {
        "owner": "jmbuhr",
        "repo": "cmp-pandoc-references",
        "type": "github"
      }
    },
    "plugins-r": {
      "flake": false,
      "locked": {
        "lastModified": 1754740974,
        "narHash": "sha256-isQb3ITeaFaTZGwHqcMls7kJF1sUTyQKV2HkDKbMW+A=",
        "owner": "R-nvim",
        "repo": "R.nvim",
        "rev": "a1aa07f35179328021c6ad7ca9093ef07df30095",
        "type": "github"
      },
      "original": {
        "owner": "R-nvim",
        "repo": "R.nvim",
        "type": "github"
      }
    },
    "rixpkgs": {
      "locked": {
        "lastModified": 1746476429,
        "narHash": "sha256-KHNAOy8ILpIlz5rtwxURpcVOqbWRMoT/rXRgpy1pyG8=",
        "type": "tarball",
        "url": "https://github.com/rstats-on-nix/nixpkgs/archive/2025-04-29.tar.gz"
      },
      "original": {
        "type": "tarball",
        "url": "https://github.com/rstats-on-nix/nixpkgs/archive/2025-04-29.tar.gz"
      }
    },
    "root": {
      "inputs": {
        "nixCats": "nixCats",
        "nixpkgs": "nixpkgs",
        "plugins-cmp-pandoc-references": "plugins-cmp-pandoc-references",
        "plugins-r": "plugins-r",
        "rixpkgs": "rixpkgs"
      }
    }
  },
  "root": "root",
  "version": 7
}
