{
  "nodes": {
    "nixCats": {
      "locked": {
        "lastModified": 1745981575,
        "narHash": "sha256-Q9PevfxZeO47fBd5ptGA4f+xJ8iC8jF/hsEVhRIOofo=",
        "owner": "BirdeeHub",
        "repo": "nixCats-nvim",
        "rev": "4cdecb9f07973fc0fe2d069d153bc9344db36791",
        "type": "github"
      },
      "original": {
        "owner": "BirdeeHub",
        "repo": "nixCats-nvim",
        "type": "github"
      }
    },
    "nixpkgs": {
      "locked": {
        "lastModified": 1745900683,
        "narHash": "sha256-ZGi2gjgPtmPmplCVz7dNufqkBr00g6EeAloX3GrFQls=",
        "owner": "nixos",
        "repo": "nixpkgs",
        "rev": "ffa0bb043c25cfc79ff3bc20ba2e44c3724499b1",
        "type": "github"
      },
      "original": {
        "owner": "nixos",
        "ref": "nixpkgs-unstable",
        "repo": "nixpkgs",
        "type": "github"
      }
    },
    "plugins-r": {
      "flake": false,
      "locked": {
        "lastModified": 1746657805,
        "narHash": "sha256-X5ZfbrG7FtGJpnMJ2b7FMY/OM9rIIliFSqnbtudZCZg=",
        "owner": "R-nvim",
        "repo": "R.nvim",
        "rev": "f30c3b2be9ca1a3c277c5e66f5612774cc3fbcf4",
        "type": "github"
      },
      "original": {
        "owner": "R-nvim",
        "repo": "R.nvim",
        "type": "github"
      }
    },
    "rixpkgs": {
      "locked": {
        "lastModified": 1746476429,
        "narHash": "sha256-KHNAOy8ILpIlz5rtwxURpcVOqbWRMoT/rXRgpy1pyG8=",
        "type": "tarball",
        "url": "https://github.com/rstats-on-nix/nixpkgs/archive/2025-04-29.tar.gz"
      },
      "original": {
        "type": "tarball",
        "url": "https://github.com/rstats-on-nix/nixpkgs/archive/2025-04-29.tar.gz"
      }
    },
    "root": {
      "inputs": {
        "nixCats": "nixCats",
        "nixpkgs": "nixpkgs",
        "plugins-r": "plugins-r",
        "rixpkgs": "rixpkgs"
      }
    }
  },
  "root": "root",
  "version": 7
}
